
Microsoft Visual Studio Solution File, Format Version 12.00
# Visual Studio Version 16
VisualStudioVersion = 16.0.30104.148
MinimumVisualStudioVersion = 10.0.40219.1
Project("{FAE04EC0-301F-11D3-BF4B-00C04F79EFBC}") = "MvcEntornos", "MvcEntornos\MvcEntornos.csproj", "{DBA15BC9-E316-487F-B478-060BD389D622}"
EndProject
Global
	GlobalSection(SolutionConfigurationPlatforms) = preSolution
		Debug|Any CPU = Debug|Any CPU
		Release|Any CPU = Release|Any CPU
	EndGlobalSection
	GlobalSection(ProjectConfigurationPlatforms) = postSolution
		{DBA15BC9-E316-487F-B478-060BD389D622}.Debug|Any CPU.ActiveCfg = Debug|Any CPU
		{DBA15BC9-E316-487F-B478-060BD389D622}.Debug|Any CPU.Build.0 = Debug|Any CPU
		{DBA15BC9-E316-487F-B478-060BD389D622}.Release|Any CPU.ActiveCfg = Release|Any CPU
		{DBA15BC9-E316-487F-B478-060BD389D622}.Release|Any CPU.Build.0 = Release|Any CPU
	EndGlobalSection
	GlobalSection(SolutionProperties) = preSolution
		HideSolutionNode = FALSE
	EndGlobalSection
	GlobalSection(ExtensibilityGlobals) = postSolution
		SolutionGuid = {62C17A92-124C-49C4-A0A2-0ED23DDBB8F2}
	EndGlobalSection
EndGlobal
